
Microsoft Visual Studio Solution File, Format Version 12.00
# Visual Studio Version 17
VisualStudioVersion = 17.6.33815.320
MinimumVisualStudioVersion = 10.0.40219.1
Project("{FAE04EC0-301F-11D3-BF4B-00C04F79EFBC}") = "Sommerhus.Api", "Sommerhus.Api\Sommerhus.Api.csproj", "{4D291809-426B-4816-951D-406EE90A004F}"
EndProject
Project("{FAE04EC0-301F-11D3-BF4B-00C04F79EFBC}") = "Sommerhus.Mvc", "Sommerhus.Mvc\Sommerhus.Mvc.csproj", "{EE8035AD-FB8C-795A-64E8-6E3AB42EA230}"
EndProject
Project("{FAE04EC0-301F-11D3-BF4B-00C04F79EFBC}") = "Sommerhus.Api.Tests", "Sommerhus.Api.Tests\Sommerhus.Api.Tests.csproj", "{9CA9B7C4-4AF3-47BD-88D7-34FF606F75CF}"
EndProject
Project("{FAE04EC0-301F-11D3-BF4B-00C04F79EFBC}") = "Sommerhus.Domain", "Sommerhus.Domain\Sommerhus.Domain.csproj", "{1817D833-C83E-440C-8DE1-1693927DA3B0}"
EndProject
Project("{FAE04EC0-301F-11D3-BF4B-00C04F79EFBC}") = "Sommerhus.Core", "Sommerhus.Core\Sommerhus.Core.csproj", "{49E587A8-8F90-43B3-B283-FA1BB2BE09F4}"
EndProject
Global
	GlobalSection(SolutionConfigurationPlatforms) = preSolution
		Debug|Any CPU = Debug|Any CPU
		Debug|x64 = Debug|x64
		Debug|x86 = Debug|x86
		Release|Any CPU = Release|Any CPU
		Release|x64 = Release|x64
		Release|x86 = Release|x86
	EndGlobalSection
	GlobalSection(ProjectConfigurationPlatforms) = postSolution
		{4D291809-426B-4816-951D-406EE90A004F}.Debug|Any CPU.ActiveCfg = Debug|Any CPU
		{4D291809-426B-4816-951D-406EE90A004F}.Debug|Any CPU.Build.0 = Debug|Any CPU
		{4D291809-426B-4816-951D-406EE90A004F}.Debug|x64.ActiveCfg = Debug|Any CPU
		{4D291809-426B-4816-951D-406EE90A004F}.Debug|x64.Build.0 = Debug|Any CPU
		{4D291809-426B-4816-951D-406EE90A004F}.Debug|x86.ActiveCfg = Debug|Any CPU
		{4D291809-426B-4816-951D-406EE90A004F}.Debug|x86.Build.0 = Debug|Any CPU
		{4D291809-426B-4816-951D-406EE90A004F}.Release|Any CPU.ActiveCfg = Release|Any CPU
		{4D291809-426B-4816-951D-406EE90A004F}.Release|Any CPU.Build.0 = Release|Any CPU
		{4D291809-426B-4816-951D-406EE90A004F}.Release|x64.ActiveCfg = Release|Any CPU
		{4D291809-426B-4816-951D-406EE90A004F}.Release|x64.Build.0 = Release|Any CPU
		{4D291809-426B-4816-951D-406EE90A004F}.Release|x86.ActiveCfg = Release|Any CPU
		{4D291809-426B-4816-951D-406EE90A004F}.Release|x86.Build.0 = Release|Any CPU
		{EE8035AD-FB8C-795A-64E8-6E3AB42EA230}.Debug|Any CPU.ActiveCfg = Debug|Any CPU
		{EE8035AD-FB8C-795A-64E8-6E3AB42EA230}.Debug|Any CPU.Build.0 = Debug|Any CPU
		{EE8035AD-FB8C-795A-64E8-6E3AB42EA230}.Debug|x64.ActiveCfg = Debug|Any CPU
		{EE8035AD-FB8C-795A-64E8-6E3AB42EA230}.Debug|x64.Build.0 = Debug|Any CPU
		{EE8035AD-FB8C-795A-64E8-6E3AB42EA230}.Debug|x86.ActiveCfg = Debug|Any CPU
		{EE8035AD-FB8C-795A-64E8-6E3AB42EA230}.Debug|x86.Build.0 = Debug|Any CPU
		{EE8035AD-FB8C-795A-64E8-6E3AB42EA230}.Release|Any CPU.ActiveCfg = Release|Any CPU
		{EE8035AD-FB8C-795A-64E8-6E3AB42EA230}.Release|Any CPU.Build.0 = Release|Any CPU
		{EE8035AD-FB8C-795A-64E8-6E3AB42EA230}.Release|x64.ActiveCfg = Release|Any CPU
		{EE8035AD-FB8C-795A-64E8-6E3AB42EA230}.Release|x64.Build.0 = Release|Any CPU
		{EE8035AD-FB8C-795A-64E8-6E3AB42EA230}.Release|x86.ActiveCfg = Release|Any CPU
		{EE8035AD-FB8C-795A-64E8-6E3AB42EA230}.Release|x86.Build.0 = Release|Any CPU
		{9CA9B7C4-4AF3-47BD-88D7-34FF606F75CF}.Debug|Any CPU.ActiveCfg = Debug|Any CPU
		{9CA9B7C4-4AF3-47BD-88D7-34FF606F75CF}.Debug|Any CPU.Build.0 = Debug|Any CPU
		{9CA9B7C4-4AF3-47BD-88D7-34FF606F75CF}.Debug|x64.ActiveCfg = Debug|Any CPU
		{9CA9B7C4-4AF3-47BD-88D7-34FF606F75CF}.Debug|x64.Build.0 = Debug|Any CPU
		{9CA9B7C4-4AF3-47BD-88D7-34FF606F75CF}.Debug|x86.ActiveCfg = Debug|Any CPU
		{9CA9B7C4-4AF3-47BD-88D7-34FF606F75CF}.Debug|x86.Build.0 = Debug|Any CPU
		{9CA9B7C4-4AF3-47BD-88D7-34FF606F75CF}.Release|Any CPU.ActiveCfg = Release|Any CPU
		{9CA9B7C4-4AF3-47BD-88D7-34FF606F75CF}.Release|Any CPU.Build.0 = Release|Any CPU
		{9CA9B7C4-4AF3-47BD-88D7-34FF606F75CF}.Release|x64.ActiveCfg = Release|Any CPU
		{9CA9B7C4-4AF3-47BD-88D7-34FF606F75CF}.Release|x64.Build.0 = Release|Any CPU
		{9CA9B7C4-4AF3-47BD-88D7-34FF606F75CF}.Release|x86.ActiveCfg = Release|Any CPU
		{9CA9B7C4-4AF3-47BD-88D7-34FF606F75CF}.Release|x86.Build.0 = Release|Any CPU
		{1817D833-C83E-440C-8DE1-1693927DA3B0}.Debug|Any CPU.ActiveCfg = Debug|Any CPU
		{1817D833-C83E-440C-8DE1-1693927DA3B0}.Debug|Any CPU.Build.0 = Debug|Any CPU
		{1817D833-C83E-440C-8DE1-1693927DA3B0}.Debug|x64.ActiveCfg = Debug|Any CPU
		{1817D833-C83E-440C-8DE1-1693927DA3B0}.Debug|x64.Build.0 = Debug|Any CPU
		{1817D833-C83E-440C-8DE1-1693927DA3B0}.Debug|x86.ActiveCfg = Debug|Any CPU
		{1817D833-C83E-440C-8DE1-1693927DA3B0}.Debug|x86.Build.0 = Debug|Any CPU
		{1817D833-C83E-440C-8DE1-1693927DA3B0}.Release|Any CPU.ActiveCfg = Release|Any CPU
		{1817D833-C83E-440C-8DE1-1693927DA3B0}.Release|Any CPU.Build.0 = Release|Any CPU
		{1817D833-C83E-440C-8DE1-1693927DA3B0}.Release|x64.ActiveCfg = Release|Any CPU
		{1817D833-C83E-440C-8DE1-1693927DA3B0}.Release|x64.Build.0 = Release|Any CPU
		{1817D833-C83E-440C-8DE1-1693927DA3B0}.Release|x86.ActiveCfg = Release|Any CPU
		{1817D833-C83E-440C-8DE1-1693927DA3B0}.Release|x86.Build.0 = Release|Any CPU
		{49E587A8-8F90-43B3-B283-FA1BB2BE09F4}.Debug|Any CPU.ActiveCfg = Debug|Any CPU
		{49E587A8-8F90-43B3-B283-FA1BB2BE09F4}.Debug|Any CPU.Build.0 = Debug|Any CPU
		{49E587A8-8F90-43B3-B283-FA1BB2BE09F4}.Debug|x64.ActiveCfg = Debug|Any CPU
		{49E587A8-8F90-43B3-B283-FA1BB2BE09F4}.Debug|x64.Build.0 = Debug|Any CPU
		{49E587A8-8F90-43B3-B283-FA1BB2BE09F4}.Debug|x86.ActiveCfg = Debug|Any CPU
		{49E587A8-8F90-43B3-B283-FA1BB2BE09F4}.Debug|x86.Build.0 = Debug|Any CPU
		{49E587A8-8F90-43B3-B283-FA1BB2BE09F4}.Release|Any CPU.ActiveCfg = Release|Any CPU
		{49E587A8-8F90-43B3-B283-FA1BB2BE09F4}.Release|Any CPU.Build.0 = Release|Any CPU
		{49E587A8-8F90-43B3-B283-FA1BB2BE09F4}.Release|x64.ActiveCfg = Release|Any CPU
		{49E587A8-8F90-43B3-B283-FA1BB2BE09F4}.Release|x64.Build.0 = Release|Any CPU
		{49E587A8-8F90-43B3-B283-FA1BB2BE09F4}.Release|x86.ActiveCfg = Release|Any CPU
		{49E587A8-8F90-43B3-B283-FA1BB2BE09F4}.Release|x86.Build.0 = Release|Any CPU
	EndGlobalSection
	GlobalSection(SolutionProperties) = preSolution
		HideSolutionNode = FALSE
	EndGlobalSection
	GlobalSection(ExtensibilityGlobals) = postSolution
		SolutionGuid = {545D6D95-E77B-4C50-BBD5-940685A8C009}
	EndGlobalSection
EndGlobal
